
Microsoft Visual Studio Solution File, Format Version 12.00
# Visual Studio Version 17
VisualStudioVersion = 17.12.35514.174
MinimumVisualStudioVersion = 10.0.40219.1
Project("{FAE04EC0-301F-11D3-BF4B-00C04F79EFBC}") = "SensorPoC.WebAPI", "SensorPoC.WebAPI\SensorPoC.WebAPI.csproj", "{D890E6C8-5D8D-4FDB-8477-06008FC9A9BA}"
EndProject
Project("{FAE04EC0-301F-11D3-BF4B-00C04F79EFBC}") = "SensorPoC.Storage", "SensorPoC.Storage\SensorPoC.Storage.csproj", "{FF96174B-8551-493C-9030-DAFF683BE74A}"
EndProject
Project("{FAE04EC0-301F-11D3-BF4B-00C04F79EFBC}") = "ImaginaryCompany.SensorDataProvider", "ImaginaryCompany.SensorDataProvider\ImaginaryCompany.SensorDataProvider.csproj", "{E3B73D2E-6F48-477F-BC5D-DAA5D4F18934}"
EndProject
Project("{FAE04EC0-301F-11D3-BF4B-00C04F79EFBC}") = "SensorPoC.Domain", "SensorPoC.Domain\SensorPoC.Domain.csproj", "{69A58F90-E4D1-4824-88A8-EC907784A804}"
EndProject
Project("{FAE04EC0-301F-11D3-BF4B-00C04F79EFBC}") = "SensorPoC.UI", "SensorPoC.UI\SensorPoC.UI.csproj", "{3715B5DA-F293-4D19-B133-3A78FD3F280E}"
EndProject
Project("{FAE04EC0-301F-11D3-BF4B-00C04F79EFBC}") = "SensorPoC.Tests", "SensorPoC.Tests\SensorPoC.Tests.csproj", "{F84ABEF0-69EF-4839-85DE-5C5F3509385A}"
EndProject
Project("{FAE04EC0-301F-11D3-BF4B-00C04F79EFBC}") = "ImaginaryCompany.SensorDataProvider.Tests", "ImaginaryCompany.SensorDataProvider.Tests\ImaginaryCompany.SensorDataProvider.Tests.csproj", "{053B0646-2E38-46A2-BD4D-0CBF83EFAD20}"
EndProject
Global
	GlobalSection(SolutionConfigurationPlatforms) = preSolution
		Debug|Any CPU = Debug|Any CPU
		Release|Any CPU = Release|Any CPU
	EndGlobalSection
	GlobalSection(ProjectConfigurationPlatforms) = postSolution
		{D890E6C8-5D8D-4FDB-8477-06008FC9A9BA}.Debug|Any CPU.ActiveCfg = Debug|Any CPU
		{D890E6C8-5D8D-4FDB-8477-06008FC9A9BA}.Debug|Any CPU.Build.0 = Debug|Any CPU
		{D890E6C8-5D8D-4FDB-8477-06008FC9A9BA}.Release|Any CPU.ActiveCfg = Release|Any CPU
		{D890E6C8-5D8D-4FDB-8477-06008FC9A9BA}.Release|Any CPU.Build.0 = Release|Any CPU
		{FF96174B-8551-493C-9030-DAFF683BE74A}.Debug|Any CPU.ActiveCfg = Debug|Any CPU
		{FF96174B-8551-493C-9030-DAFF683BE74A}.Debug|Any CPU.Build.0 = Debug|Any CPU
		{FF96174B-8551-493C-9030-DAFF683BE74A}.Release|Any CPU.ActiveCfg = Release|Any CPU
		{FF96174B-8551-493C-9030-DAFF683BE74A}.Release|Any CPU.Build.0 = Release|Any CPU
		{E3B73D2E-6F48-477F-BC5D-DAA5D4F18934}.Debug|Any CPU.ActiveCfg = Debug|Any CPU
		{E3B73D2E-6F48-477F-BC5D-DAA5D4F18934}.Debug|Any CPU.Build.0 = Debug|Any CPU
		{E3B73D2E-6F48-477F-BC5D-DAA5D4F18934}.Release|Any CPU.ActiveCfg = Release|Any CPU
		{E3B73D2E-6F48-477F-BC5D-DAA5D4F18934}.Release|Any CPU.Build.0 = Release|Any CPU
		{69A58F90-E4D1-4824-88A8-EC907784A804}.Debug|Any CPU.ActiveCfg = Debug|Any CPU
		{69A58F90-E4D1-4824-88A8-EC907784A804}.Debug|Any CPU.Build.0 = Debug|Any CPU
		{69A58F90-E4D1-4824-88A8-EC907784A804}.Release|Any CPU.ActiveCfg = Release|Any CPU
		{69A58F90-E4D1-4824-88A8-EC907784A804}.Release|Any CPU.Build.0 = Release|Any CPU
		{3715B5DA-F293-4D19-B133-3A78FD3F280E}.Debug|Any CPU.ActiveCfg = Debug|Any CPU
		{3715B5DA-F293-4D19-B133-3A78FD3F280E}.Debug|Any CPU.Build.0 = Debug|Any CPU
		{3715B5DA-F293-4D19-B133-3A78FD3F280E}.Release|Any CPU.ActiveCfg = Release|Any CPU
		{3715B5DA-F293-4D19-B133-3A78FD3F280E}.Release|Any CPU.Build.0 = Release|Any CPU
		{F84ABEF0-69EF-4839-85DE-5C5F3509385A}.Debug|Any CPU.ActiveCfg = Debug|Any CPU
		{F84ABEF0-69EF-4839-85DE-5C5F3509385A}.Debug|Any CPU.Build.0 = Debug|Any CPU
		{F84ABEF0-69EF-4839-85DE-5C5F3509385A}.Release|Any CPU.ActiveCfg = Release|Any CPU
		{F84ABEF0-69EF-4839-85DE-5C5F3509385A}.Release|Any CPU.Build.0 = Release|Any CPU
		{053B0646-2E38-46A2-BD4D-0CBF83EFAD20}.Debug|Any CPU.ActiveCfg = Debug|Any CPU
		{053B0646-2E38-46A2-BD4D-0CBF83EFAD20}.Debug|Any CPU.Build.0 = Debug|Any CPU
		{053B0646-2E38-46A2-BD4D-0CBF83EFAD20}.Release|Any CPU.ActiveCfg = Release|Any CPU
		{053B0646-2E38-46A2-BD4D-0CBF83EFAD20}.Release|Any CPU.Build.0 = Release|Any CPU
	EndGlobalSection
	GlobalSection(SolutionProperties) = preSolution
		HideSolutionNode = FALSE
	EndGlobalSection
EndGlobal
